
Microsoft Visual Studio Solution File, Format Version 12.00
# Visual Studio 15
VisualStudioVersion = 15.0.28307.329
MinimumVisualStudioVersion = 10.0.40219.1
Project("{FAE04EC0-301F-11D3-BF4B-00C04F79EFBC}") = "Wikipedia API Test", "Wikipedia API Test\Wikipedia API Test.csproj", "{424571A5-F90A-4516-961B-AEA94E615A1F}"
EndProject
Global
	GlobalSection(SolutionConfigurationPlatforms) = preSolution
		Debug|Any CPU = Debug|Any CPU
		Release|Any CPU = Release|Any CPU
	EndGlobalSection
	GlobalSection(ProjectConfigurationPlatforms) = postSolution
		{424571A5-F90A-4516-961B-AEA94E615A1F}.Debug|Any CPU.ActiveCfg = Debug|Any CPU
		{424571A5-F90A-4516-961B-AEA94E615A1F}.Debug|Any CPU.Build.0 = Debug|Any CPU
		{424571A5-F90A-4516-961B-AEA94E615A1F}.Release|Any CPU.ActiveCfg = Release|Any CPU
		{424571A5-F90A-4516-961B-AEA94E615A1F}.Release|Any CPU.Build.0 = Release|Any CPU
	EndGlobalSection
	GlobalSection(SolutionProperties) = preSolution
		HideSolutionNode = FALSE
	EndGlobalSection
	GlobalSection(ExtensibilityGlobals) = postSolution
		SolutionGuid = {5E7CA188-0AF5-4B66-A2EE-26F4EAFF0DFE}
	EndGlobalSection
EndGlobal
